
Microsoft Visual Studio Solution File, Format Version 12.00
# Visual Studio Version 17
VisualStudioVersion = 17.2.32616.157
MinimumVisualStudioVersion = 10.0.40219.1
Project("{FAE04EC0-301F-11D3-BF4B-00C04F79EFBC}") = "cocktail", "cocktail\cocktail.csproj", "{A64DD300-B806-4197-BA97-F997EBC7054E}"
EndProject
Project("{FAE04EC0-301F-11D3-BF4B-00C04F79EFBC}") = "ML", "ML\ML.csproj", "{0B41652D-826D-440C-BE1F-DF2939A823AB}"
EndProject
Global
	GlobalSection(SolutionConfigurationPlatforms) = preSolution
		Debug|Any CPU = Debug|Any CPU
		Release|Any CPU = Release|Any CPU
	EndGlobalSection
	GlobalSection(ProjectConfigurationPlatforms) = postSolution
		{A64DD300-B806-4197-BA97-F997EBC7054E}.Debug|Any CPU.ActiveCfg = Debug|Any CPU
		{A64DD300-B806-4197-BA97-F997EBC7054E}.Debug|Any CPU.Build.0 = Debug|Any CPU
		{A64DD300-B806-4197-BA97-F997EBC7054E}.Release|Any CPU.ActiveCfg = Release|Any CPU
		{A64DD300-B806-4197-BA97-F997EBC7054E}.Release|Any CPU.Build.0 = Release|Any CPU
		{0B41652D-826D-440C-BE1F-DF2939A823AB}.Debug|Any CPU.ActiveCfg = Debug|Any CPU
		{0B41652D-826D-440C-BE1F-DF2939A823AB}.Debug|Any CPU.Build.0 = Debug|Any CPU
		{0B41652D-826D-440C-BE1F-DF2939A823AB}.Release|Any CPU.ActiveCfg = Release|Any CPU
		{0B41652D-826D-440C-BE1F-DF2939A823AB}.Release|Any CPU.Build.0 = Release|Any CPU
	EndGlobalSection
	GlobalSection(SolutionProperties) = preSolution
		HideSolutionNode = FALSE
	EndGlobalSection
	GlobalSection(ExtensibilityGlobals) = postSolution
		SolutionGuid = {709AC4B5-69BF-4978-A3A4-AEDD9A64D1C0}
	EndGlobalSection
EndGlobal
